
Microsoft Visual Studio Solution File, Format Version 12.00
# Visual Studio 15
Project("{FAE04EC0-301F-11D3-BF4B-00C04F79EFBC}") = "Quaestur", "Quaestur\Quaestur.csproj", "{0F367296-D297-46AA-ACCD-D89F22525906}"
EndProject
Project("{FAE04EC0-301F-11D3-BF4B-00C04F79EFBC}") = "SecurityService", "SecurityService\SecurityService.csproj", "{7C1E3715-E9E1-410B-86DB-61C0C4542D81}"
EndProject
Project("{FAE04EC0-301F-11D3-BF4B-00C04F79EFBC}") = "SecureChannel", "SecureChannel\SecureChannel.csproj", "{EFCF9083-8C1C-43A2-8A93-9C48A05F3D4D}"
EndProject
Project("{FAE04EC0-301F-11D3-BF4B-00C04F79EFBC}") = "SecurityServiceClient", "SecurityServiceClient\SecurityServiceClient.csproj", "{1DE4624F-E205-4E23-B40A-F54FD18CAFB3}"
EndProject
Project("{FAE04EC0-301F-11D3-BF4B-00C04F79EFBC}") = "BaseLibrary", "BaseLibrary\BaseLibrary.csproj", "{64AB460A-DE0F-4141-99C7-EC983E22D8B6}"
EndProject
Project("{FAE04EC0-301F-11D3-BF4B-00C04F79EFBC}") = "Publicus", "Publicus\Publicus.csproj", "{E0A50514-A2F3-4A8B-B55F-0B7C4AA79107}"
EndProject
Project("{FAE04EC0-301F-11D3-BF4B-00C04F79EFBC}") = "SiteLibrary", "SiteLibrary\SiteLibrary.csproj", "{A0909BA7-CACC-4B86-88CD-9ABD5F78D921}"
EndProject
Project("{FAE04EC0-301F-11D3-BF4B-00C04F79EFBC}") = "QuaesturApi", "QuaesturApi\QuaesturApi.csproj", "{AD639BDE-0987-4B05-B995-800EE5589815}"
EndProject
Project("{FAE04EC0-301F-11D3-BF4B-00C04F79EFBC}") = "DiscourseEngagement", "DiscourseEngagement\DiscourseEngagement.csproj", "{F37D7A92-2497-4AD6-8B57-6FE29B3776A3}"
EndProject
Project("{FAE04EC0-301F-11D3-BF4B-00C04F79EFBC}") = "DiscourseApi", "DiscourseApi\DiscourseApi.csproj", "{7F497285-D30E-446C-AF52-BC91C5612739}"
EndProject
Project("{FAE04EC0-301F-11D3-BF4B-00C04F79EFBC}") = "RedmineApi", "RedmineApi\RedmineApi.csproj", "{6723C1E9-C0FB-433B-86B9-CA66A2B5732C}"
EndProject
Project("{FAE04EC0-301F-11D3-BF4B-00C04F79EFBC}") = "RedmineEngagement", "RedmineEngagement\RedmineEngagement.csproj", "{35C37C10-5855-4920-9801-623AE5EA1257}"
EndProject
Project("{FAE04EC0-301F-11D3-BF4B-00C04F79EFBC}") = "Census", "Census\Census.csproj", "{EE3636B8-B523-42A3-9842-C43B3D963A85}"
EndProject
Project("{FAE04EC0-301F-11D3-BF4B-00C04F79EFBC}") = "Hospes", "Hospes\Hospes.csproj", "{EAD5ADB9-0A24-A255-0877-B0E21E13FDC8}"
EndProject
Project("{FAE04EC0-301F-11D3-BF4B-00C04F79EFBC}") = "Mercatus", "Mercatus\Mercatus.csproj", "{2BE8D68B-C2B9-2748-2466-B692A5A34B54}"
EndProject
Global
	GlobalSection(SolutionConfigurationPlatforms) = preSolution
		Debug|x86 = Debug|x86
		Release|x86 = Release|x86
	EndGlobalSection
	GlobalSection(ProjectConfigurationPlatforms) = postSolution
		{0F367296-D297-46AA-ACCD-D89F22525906}.Debug|x86.ActiveCfg = Debug|x86
		{0F367296-D297-46AA-ACCD-D89F22525906}.Debug|x86.Build.0 = Debug|x86
		{0F367296-D297-46AA-ACCD-D89F22525906}.Release|x86.ActiveCfg = Release|x86
		{0F367296-D297-46AA-ACCD-D89F22525906}.Release|x86.Build.0 = Release|x86
		{7C1E3715-E9E1-410B-86DB-61C0C4542D81}.Debug|x86.ActiveCfg = Debug|x86
		{7C1E3715-E9E1-410B-86DB-61C0C4542D81}.Debug|x86.Build.0 = Debug|x86
		{7C1E3715-E9E1-410B-86DB-61C0C4542D81}.Release|x86.ActiveCfg = Release|x86
		{7C1E3715-E9E1-410B-86DB-61C0C4542D81}.Release|x86.Build.0 = Release|x86
		{EFCF9083-8C1C-43A2-8A93-9C48A05F3D4D}.Debug|x86.ActiveCfg = Debug|Any CPU
		{EFCF9083-8C1C-43A2-8A93-9C48A05F3D4D}.Debug|x86.Build.0 = Debug|Any CPU
		{EFCF9083-8C1C-43A2-8A93-9C48A05F3D4D}.Release|x86.ActiveCfg = Release|Any CPU
		{EFCF9083-8C1C-43A2-8A93-9C48A05F3D4D}.Release|x86.Build.0 = Release|Any CPU
		{1DE4624F-E205-4E23-B40A-F54FD18CAFB3}.Debug|x86.ActiveCfg = Debug|Any CPU
		{1DE4624F-E205-4E23-B40A-F54FD18CAFB3}.Debug|x86.Build.0 = Debug|Any CPU
		{1DE4624F-E205-4E23-B40A-F54FD18CAFB3}.Release|x86.ActiveCfg = Release|Any CPU
		{1DE4624F-E205-4E23-B40A-F54FD18CAFB3}.Release|x86.Build.0 = Release|Any CPU
		{64AB460A-DE0F-4141-99C7-EC983E22D8B6}.Debug|x86.ActiveCfg = Debug|Any CPU
		{64AB460A-DE0F-4141-99C7-EC983E22D8B6}.Debug|x86.Build.0 = Debug|Any CPU
		{64AB460A-DE0F-4141-99C7-EC983E22D8B6}.Release|x86.ActiveCfg = Release|Any CPU
		{64AB460A-DE0F-4141-99C7-EC983E22D8B6}.Release|x86.Build.0 = Release|Any CPU
		{E0A50514-A2F3-4A8B-B55F-0B7C4AA79107}.Debug|x86.ActiveCfg = Debug|x86
		{E0A50514-A2F3-4A8B-B55F-0B7C4AA79107}.Debug|x86.Build.0 = Debug|x86
		{E0A50514-A2F3-4A8B-B55F-0B7C4AA79107}.Release|x86.ActiveCfg = Release|x86
		{E0A50514-A2F3-4A8B-B55F-0B7C4AA79107}.Release|x86.Build.0 = Release|x86
		{A0909BA7-CACC-4B86-88CD-9ABD5F78D921}.Debug|x86.ActiveCfg = Debug|Any CPU
		{A0909BA7-CACC-4B86-88CD-9ABD5F78D921}.Debug|x86.Build.0 = Debug|Any CPU
		{A0909BA7-CACC-4B86-88CD-9ABD5F78D921}.Release|x86.ActiveCfg = Release|Any CPU
		{A0909BA7-CACC-4B86-88CD-9ABD5F78D921}.Release|x86.Build.0 = Release|Any CPU
		{AD639BDE-0987-4B05-B995-800EE5589815}.Debug|x86.ActiveCfg = Debug|Any CPU
		{AD639BDE-0987-4B05-B995-800EE5589815}.Debug|x86.Build.0 = Debug|Any CPU
		{AD639BDE-0987-4B05-B995-800EE5589815}.Release|x86.ActiveCfg = Release|Any CPU
		{AD639BDE-0987-4B05-B995-800EE5589815}.Release|x86.Build.0 = Release|Any CPU
		{F37D7A92-2497-4AD6-8B57-6FE29B3776A3}.Debug|x86.ActiveCfg = Debug|x86
		{F37D7A92-2497-4AD6-8B57-6FE29B3776A3}.Debug|x86.Build.0 = Debug|x86
		{F37D7A92-2497-4AD6-8B57-6FE29B3776A3}.Release|x86.ActiveCfg = Release|x86
		{F37D7A92-2497-4AD6-8B57-6FE29B3776A3}.Release|x86.Build.0 = Release|x86
		{7F497285-D30E-446C-AF52-BC91C5612739}.Debug|x86.ActiveCfg = Debug|Any CPU
		{7F497285-D30E-446C-AF52-BC91C5612739}.Debug|x86.Build.0 = Debug|Any CPU
		{7F497285-D30E-446C-AF52-BC91C5612739}.Release|x86.ActiveCfg = Release|Any CPU
		{7F497285-D30E-446C-AF52-BC91C5612739}.Release|x86.Build.0 = Release|Any CPU
		{6723C1E9-C0FB-433B-86B9-CA66A2B5732C}.Debug|x86.ActiveCfg = Debug|Any CPU
		{6723C1E9-C0FB-433B-86B9-CA66A2B5732C}.Debug|x86.Build.0 = Debug|Any CPU
		{6723C1E9-C0FB-433B-86B9-CA66A2B5732C}.Release|x86.ActiveCfg = Release|Any CPU
		{6723C1E9-C0FB-433B-86B9-CA66A2B5732C}.Release|x86.Build.0 = Release|Any CPU
		{35C37C10-5855-4920-9801-623AE5EA1257}.Debug|x86.ActiveCfg = Debug|x86
		{35C37C10-5855-4920-9801-623AE5EA1257}.Debug|x86.Build.0 = Debug|x86
		{35C37C10-5855-4920-9801-623AE5EA1257}.Release|x86.ActiveCfg = Release|x86
		{35C37C10-5855-4920-9801-623AE5EA1257}.Release|x86.Build.0 = Release|x86
		{EE3636B8-B523-42A3-9842-C43B3D963A85}.Debug|x86.ActiveCfg = Debug|x86
		{EE3636B8-B523-42A3-9842-C43B3D963A85}.Debug|x86.Build.0 = Debug|x86
		{EE3636B8-B523-42A3-9842-C43B3D963A85}.Release|x86.ActiveCfg = Release|x86
		{EE3636B8-B523-42A3-9842-C43B3D963A85}.Release|x86.Build.0 = Release|x86
		{EAD5ADB9-0A24-A255-0877-B0E21E13FDC8}.Debug|x86.ActiveCfg = Debug|x86
		{EAD5ADB9-0A24-A255-0877-B0E21E13FDC8}.Debug|x86.Build.0 = Debug|x86
		{EAD5ADB9-0A24-A255-0877-B0E21E13FDC8}.Release|x86.ActiveCfg = Release|x86
		{EAD5ADB9-0A24-A255-0877-B0E21E13FDC8}.Release|x86.Build.0 = Release|x86
		{2BE8D68B-C2B9-2748-2466-B692A5A34B54}.Debug|x86.ActiveCfg = Debug|x86
		{2BE8D68B-C2B9-2748-2466-B692A5A34B54}.Debug|x86.Build.0 = Debug|x86
		{2BE8D68B-C2B9-2748-2466-B692A5A34B54}.Release|x86.ActiveCfg = Release|x86
		{2BE8D68B-C2B9-2748-2466-B692A5A34B54}.Release|x86.Build.0 = Release|x86
	EndGlobalSection
	GlobalSection(MonoDevelopProperties) = preSolution
		Policies = $0
		$0.DotNetNamingPolicy = $1
		$0.StandardHeader = $2
	EndGlobalSection
EndGlobal
